
Microsoft Visual Studio Solution File, Format Version 12.00
# Visual Studio Version 16
VisualStudioVersion = 16.0.32002.261
MinimumVisualStudioVersion = 10.0.40219.1
Project("{FAE04EC0-301F-11D3-BF4B-00C04F79EFBC}") = "IAPMO.HangMan", "IAPMO.HangMan.csproj", "{C00B80B4-17F8-4DB7-B61D-0040D9C16BDB}"
EndProject
Global
	GlobalSection(SolutionConfigurationPlatforms) = preSolution
		Debug|Any CPU = Debug|Any CPU
		Release|Any CPU = Release|Any CPU
	EndGlobalSection
	GlobalSection(ProjectConfigurationPlatforms) = postSolution
		{C00B80B4-17F8-4DB7-B61D-0040D9C16BDB}.Debug|Any CPU.ActiveCfg = Debug|Any CPU
		{C00B80B4-17F8-4DB7-B61D-0040D9C16BDB}.Debug|Any CPU.Build.0 = Debug|Any CPU
		{C00B80B4-17F8-4DB7-B61D-0040D9C16BDB}.Release|Any CPU.ActiveCfg = Release|Any CPU
		{C00B80B4-17F8-4DB7-B61D-0040D9C16BDB}.Release|Any CPU.Build.0 = Release|Any CPU
	EndGlobalSection
	GlobalSection(SolutionProperties) = preSolution
		HideSolutionNode = FALSE
	EndGlobalSection
	GlobalSection(ExtensibilityGlobals) = postSolution
		SolutionGuid = {2916E725-3981-4420-9D50-C8B8A6A3D27F}
	EndGlobalSection
EndGlobal
